
Microsoft Visual Studio Solution File, Format Version 12.00
# Visual Studio Version 17
VisualStudioVersion = 17.8.34330.188
MinimumVisualStudioVersion = 10.0.40219.1
Project("{FAE04EC0-301F-11D3-BF4B-00C04F79EFBC}") = "bukShelf", "bukShelf.csproj", "{F4D96D8B-0875-4361-A7DB-B2E73BA2C45A}"
EndProject
Global
	GlobalSection(SolutionConfigurationPlatforms) = preSolution
		Debug|Any CPU = Debug|Any CPU
		Release|Any CPU = Release|Any CPU
	EndGlobalSection
	GlobalSection(ProjectConfigurationPlatforms) = postSolution
		{F4D96D8B-0875-4361-A7DB-B2E73BA2C45A}.Debug|Any CPU.ActiveCfg = Debug|Any CPU
		{F4D96D8B-0875-4361-A7DB-B2E73BA2C45A}.Debug|Any CPU.Build.0 = Debug|Any CPU
		{F4D96D8B-0875-4361-A7DB-B2E73BA2C45A}.Release|Any CPU.ActiveCfg = Release|Any CPU
		{F4D96D8B-0875-4361-A7DB-B2E73BA2C45A}.Release|Any CPU.Build.0 = Release|Any CPU
	EndGlobalSection
	GlobalSection(SolutionProperties) = preSolution
		HideSolutionNode = FALSE
	EndGlobalSection
	GlobalSection(ExtensibilityGlobals) = postSolution
		SolutionGuid = {5A762CC2-EF71-4657-93CC-8096017B5103}
	EndGlobalSection
EndGlobal
